// !$*UTF8*$!
{
	archiveVersion = 1;
	classes = {
	};
	objectVersion = 46;
	objects = {

/* Begin PBXBuildFile section */
		A6D136021DF78B6800E63686 /* AppDelegate.swift in Sources */ = {isa = PBXBuildFile; fileRef = A6D136011DF78B6800E63686 /* AppDelegate.swift */; };
		A6D136041DF78B6800E63686 /* RootViewController.swift in Sources */ = {isa = PBXBuildFile; fileRef = A6D136031DF78B6800E63686 /* RootViewController.swift */; };
		A6D136071DF78B6800E63686 /* Main.storyboard in Resources */ = {isa = PBXBuildFile; fileRef = A6D136051DF78B6800E63686 /* Main.storyboard */; };
		A6D1360A1DF78B6800E63686 /* CoreData_DoIt.xcdatamodeld in Sources */ = {isa = PBXBuildFile; fileRef = A6D136081DF78B6800E63686 /* CoreData_DoIt.xcdatamodeld */; };
		A6D1360C1DF78B6800E63686 /* Assets.xcassets in Resources */ = {isa = PBXBuildFile; fileRef = A6D1360B1DF78B6800E63686 /* Assets.xcassets */; };
		A6D1360F1DF78B6800E63686 /* LaunchScreen.storyboard in Resources */ = {isa = PBXBuildFile; fileRef = A6D1360D1DF78B6800E63686 /* LaunchScreen.storyboard */; };
		A6D136171DF791C200E63686 /* Task.swift in Sources */ = {isa = PBXBuildFile; fileRef = A6D136161DF791C200E63686 /* Task.swift */; };
		A6D136191DF79EF900E63686 /* CreateTaskViewController.swift in Sources */ = {isa = PBXBuildFile; fileRef = A6D136181DF79EF900E63686 /* CreateTaskViewController.swift */; };
		A6D1361B1DF7CAB100E63686 /* CompleteTaskViewController.swift in Sources */ = {isa = PBXBuildFile; fileRef = A6D1361A1DF7CAB100E63686 /* CompleteTaskViewController.swift */; };
/* End PBXBuildFile section */

/* Begin PBXFileReference section */
		A6D135FE1DF78B6800E63686 /* CoreData-DoIt.app */ = {isa = PBXFileReference; explicitFileType = wrapper.application; includeInIndex = 0; path = "CoreData-DoIt.app"; sourceTree = BUILT_PRODUCTS_DIR; };
		A6D136011DF78B6800E63686 /* AppDelegate.swift */ = {isa = PBXFileReference; lastKnownFileType = sourcecode.swift; path = AppDelegate.swift; sourceTree = "<group>"; };
		A6D136031DF78B6800E63686 /* RootViewController.swift */ = {isa = PBXFileReference; lastKnownFileType = sourcecode.swift; path = RootViewController.swift; sourceTree = "<group>"; };
		A6D136061DF78B6800E63686 /* Base */ = {isa = PBXFileReference; lastKnownFileType = file.storyboard; name = Base; path = Base.lproj/Main.storyboard; sourceTree = "<group>"; };
		A6D136091DF78B6800E63686 /* CoreData_DoIt.xcdatamodel */ = {isa = PBXFileReference; lastKnownFileType = wrapper.xcdatamodel; path = CoreData_DoIt.xcdatamodel; sourceTree = "<group>"; };
		A6D1360B1DF78B6800E63686 /* Assets.xcassets */ = {isa = PBXFileReference; lastKnownFileType = folder.assetcatalog; path = Assets.xcassets; sourceTree = "<group>"; };
		A6D1360E1DF78B6800E63686 /* Base */ = {isa = PBXFileReference; lastKnownFileType = file.storyboard; name = Base; path = Base.lproj/LaunchScreen.storyboard; sourceTree = "<group>"; };
		A6D136101DF78B6800E63686 /* Info.plist */ = {isa = PBXFileReference; lastKnownFileType = text.plist.xml; path = Info.plist; sourceTree = "<group>"; };
		A6D136161DF791C200E63686 /* Task.swift */ = {isa = PBXFileReference; fileEncoding = 4; lastKnownFileType = sourcecode.swift; name = Task.swift; path = ../Task.swift; sourceTree = "<group>"; };
		A6D136181DF79EF900E63686 /* CreateTaskViewController.swift */ = {isa = PBXFileReference; fileEncoding = 4; lastKnownFileType = sourcecode.swift; name = CreateTaskViewController.swift; path = ../CreateTaskViewController.swift; sourceTree = "<group>"; };
		A6D1361A1DF7CAB100E63686 /* CompleteTaskViewController.swift */ = {isa = PBXFileReference; fileEncoding = 4; lastKnownFileType = sourcecode.swift; name = CompleteTaskViewController.swift; path = ../CompleteTaskViewController.swift; sourceTree = "<group>"; };
/* End PBXFileReference section */

/* Begin PBXFrameworksBuildPhase section */
		A6D135FB1DF78B6800E63686 /* Frameworks */ = {
			isa = PBXFrameworksBuildPhase;
			buildActionMask = 2147483647;
			files = (
			);
			runOnlyForDeploymentPostprocessing = 0;
		};
/* End PBXFrameworksBuildPhase section */

/* Begin PBXGroup section */
		A6D135F51DF78B6800E63686 = {
			isa = PBXGroup;
			children = (
				A6D136001DF78B6800E63686 /* CoreData-DoIt */,
				A6D135FF1DF78B6800E63686 /* Products */,
			);
			sourceTree = "<group>";
		};
		A6D135FF1DF78B6800E63686 /* Products */ = {
			isa = PBXGroup;
			children = (
				A6D135FE1DF78B6800E63686 /* CoreData-DoIt.app */,
			);
			name = Products;
			sourceTree = "<group>";
		};
		A6D136001DF78B6800E63686 /* CoreData-DoIt */ = {
			isa = PBXGroup;
			children = (
				A6D136011DF78B6800E63686 /* AppDelegate.swift */,
				A6D136181DF79EF900E63686 /* CreateTaskViewController.swift */,
				A6D1361A1DF7CAB100E63686 /* CompleteTaskViewController.swift */,
				A6D136031DF78B6800E63686 /* RootViewController.swift */,
				A6D136161DF791C200E63686 /* Task.swift */,
				A6D136051DF78B6800E63686 /* Main.storyboard */,
				A6D1360B1DF78B6800E63686 /* Assets.xcassets */,
				A6D1360D1DF78B6800E63686 /* LaunchScreen.storyboard */,
				A6D136101DF78B6800E63686 /* Info.plist */,
				A6D136081DF78B6800E63686 /* CoreData_DoIt.xcdatamodeld */,
			);
			path = "CoreData-DoIt";
			sourceTree = "<group>";
		};
/* End PBXGroup section */

/* Begin PBXNativeTarget section */
		A6D135FD1DF78B6800E63686 /* CoreData-DoIt */ = {
			isa = PBXNativeTarget;
			buildConfigurationList = A6D136131DF78B6800E63686 /* Build configuration list for PBXNativeTarget "CoreData-DoIt" */;
			buildPhases = (
				A6D135FA1DF78B6800E63686 /* Sources */,
				A6D135FB1DF78B6800E63686 /* Frameworks */,
				A6D135FC1DF78B6800E63686 /* Resources */,
			);
			buildRules = (
			);
			dependencies = (
			);
			name = "CoreData-DoIt";
			productName = "CoreData-DoIt";
			productReference = A6D135FE1DF78B6800E63686 /* CoreData-DoIt.app */;
			productType = "com.apple.product-type.application";
		};
/* End PBXNativeTarget section */

/* Begin PBXProject section */
		A6D135F61DF78B6800E63686 /* Project object */ = {
			isa = PBXProject;
			attributes = {
				LastSwiftUpdateCheck = 0810;
				LastUpgradeCheck = 0810;
				ORGANIZATIONNAME = "Ray Paragas";
				TargetAttributes = {
					A6D135FD1DF78B6800E63686 = {
						CreatedOnToolsVersion = 8.1;
						DevelopmentTeam = HKAVBPG58A;
						ProvisioningStyle = Automatic;
					};
				};
			};
			buildConfigurationList = A6D135F91DF78B6800E63686 /* Build configuration list for PBXProject "CoreData-DoIt" */;
			compatibilityVersion = "Xcode 3.2";
			developmentRegion = English;
			hasScannedForEncodings = 0;
			knownRegions = (
				en,
				Base,
			);
			mainGroup = A6D135F51DF78B6800E63686;
			productRefGroup = A6D135FF1DF78B6800E63686 /* Products */;
			projectDirPath = "";
			projectRoot = "";
			targets = (
				A6D135FD1DF78B6800E63686 /* CoreData-DoIt */,
			);
		};
/* End PBXProject section */

/* Begin PBXResourcesBuildPhase section */
		A6D135FC1DF78B6800E63686 /* Resources */ = {
			isa = PBXResourcesBuildPhase;
			buildActionMask = 2147483647;
			files = (
				A6D1360F1DF78B6800E63686 /* LaunchScreen.storyboard in Resources */,
				A6D1360C1DF78B6800E63686 /* Assets.xcassets in Resources */,
				A6D136071DF78B6800E63686 /* Main.storyboard in Resources */,
			);
			runOnlyForDeploymentPostprocessing = 0;
		};
/* End PBXResourcesBuildPhase section */

/* Begin PBXSourcesBuildPhase section */
		A6D135FA1DF78B6800E63686 /* Sources */ = {
			isa = PBXSourcesBuildPhase;
			buildActionMask = 2147483647;
			files = (
				A6D136171DF791C200E63686 /* Task.swift in Sources */,
				A6D1360A1DF78B6800E63686 /* CoreData_DoIt.xcdatamodeld in Sources */,
				A6D1361B1DF7CAB100E63686 /* CompleteTaskViewController.swift in Sources */,
				A6D136041DF78B6800E63686 /* RootViewController.swift in Sources */,
				A6D136021DF78B6800E63686 /* AppDelegate.swift in Sources */,
				A6D136191DF79EF900E63686 /* CreateTaskViewController.swift in Sources */,
			);
			runOnlyForDeploymentPostprocessing = 0;
		};
/* End PBXSourcesBuildPhase section */

/* Begin PBXVariantGroup section */
		A6D136051DF78B6800E63686 /* Main.storyboard */ = {
			isa = PBXVariantGroup;
			children = (
				A6D136061DF78B6800E63686 /* Base */,
			);
			name = Main.storyboard;
			sourceTree = "<group>";
		};
		A6D1360D1DF78B6800E63686 /* LaunchScreen.storyboard */ = {
			isa = PBXVariantGroup;
			children = (
				A6D1360E1DF78B6800E63686 /* Base */,
			);
			name = LaunchScreen.storyboard;
			sourceTree = "<group>";
		};
/* End PBXVariantGroup section */

/* Begin XCBuildConfiguration section */
		A6D136111DF78B6800E63686 /* Debug */ = {
			isa = XCBuildConfiguration;
			buildSettings = {
				ALWAYS_SEARCH_USER_PATHS = NO;
				CLANG_ANALYZER_NONNULL = YES;
				CLANG_CXX_LANGUAGE_STANDARD = "gnu++0x";
				CLANG_CXX_LIBRARY = "libc++";
				CLANG_ENABLE_MODULES = YES;
				CLANG_ENABLE_OBJC_ARC = YES;
				CLANG_WARN_BOOL_CONVERSION = YES;
				CLANG_WARN_CONSTANT_CONVERSION = YES;
				CLANG_WARN_DIRECT_OBJC_ISA_USAGE = YES_ERROR;
				CLANG_WARN_DOCUMENTATION_COMMENTS = YES;
				CLANG_WARN_EMPTY_BODY = YES;
				CLANG_WARN_ENUM_CONVERSION = YES;
				CLANG_WARN_INFINITE_RECURSION = YES;
				CLANG_WARN_INT_CONVERSION = YES;
				CLANG_WARN_OBJC_ROOT_CLASS = YES_ERROR;
				CLANG_WARN_SUSPICIOUS_MOVES = YES;
				CLANG_WARN_UNREACHABLE_CODE = YES;
				CLANG_WARN__DUPLICATE_METHOD_MATCH = YES;
				"CODE_SIGN_IDENTITY[sdk=iphoneos*]" = "iPhone Developer";
				COPY_PHASE_STRIP = NO;
				DEBUG_INFORMATION_FORMAT = dwarf;
				ENABLE_STRICT_OBJC_MSGSEND = YES;
				ENABLE_TESTABILITY = YES;
				GCC_C_LANGUAGE_STANDARD = gnu99;
				GCC_DYNAMIC_NO_PIC = NO;
				GCC_NO_COMMON_BLOCKS = YES;
				GCC_OPTIMIZATION_LEVEL = 0;
				GCC_PREPROCESSOR_DEFINITIONS = (
					"DEBUG=1",
					"$(inherited)",
				);
				GCC_WARN_64_TO_32_BIT_CONVERSION = YES;
				GCC_WARN_ABOUT_RETURN_TYPE = YES_ERROR;
				GCC_WARN_UNDECLARED_SELECTOR = YES;
				GCC_WARN_UNINITIALIZED_AUTOS = YES_AGGRESSIVE;
				GCC_WARN_UNUSED_FUNCTION = YES;
				GCC_WARN_UNUSED_VARIABLE = YES;
				IPHONEOS_DEPLOYMENT_TARGET = 10.1;
				MTL_ENABLE_DEBUG_INFO = YES;
				ONLY_ACTIVE_ARCH = YES;
				SDKROOT = iphoneos;
				SWIFT_ACTIVE_COMPILATION_CONDITIONS = DEBUG;
				SWIFT_OPTIMIZATION_LEVEL = "-Onone";
				TARGETED_DEVICE_FAMILY = "1,2";
			};
			name = Debug;
		};
		A6D136121DF78B6800E63686 /* Release */ = {
			isa = XCBuildConfiguration;
			buildSettings = {
				ALWAYS_SEARCH_USER_PATHS = NO;
				CLANG_ANALYZER_NONNULL = YES;
				CLANG_CXX_LANGUAGE_STANDARD = "gnu++0x";
				CLANG_CXX_LIBRARY = "libc++";
				CLANG_ENABLE_MODULES = YES;
				CLANG_ENABLE_OBJC_ARC = YES;
				CLANG_WARN_BOOL_CONVERSION = YES;
				CLANG_WARN_CONSTANT_CONVERSION = YES;
				CLANG_WARN_DIRECT_OBJC_ISA_USAGE = YES_ERROR;
				CLANG_WARN_DOCUMENTATION_COMMENTS = YES;
				CLANG_WARN_EMPTY_BODY = YES;
				CLANG_WARN_ENUM_CONVERSION = YES;
				CLANG_WARN_INFINITE_RECURSION = YES;
				CLANG_WARN_INT_CONVERSION = YES;
				CLANG_WARN_OBJC_ROOT_CLASS = YES_ERROR;
				CLANG_WARN_SUSPICIOUS_MOVES = YES;
				CLANG_WARN_UNREACHABLE_CODE = YES;
				CLANG_WARN__DUPLICATE_METHOD_MATCH = YES;
				"CODE_SIGN_IDENTITY[sdk=iphoneos*]" = "iPhone Developer";
				COPY_PHASE_STRIP = NO;
				DEBUG_INFORMATION_FORMAT = "dwarf-with-dsym";
				ENABLE_NS_ASSERTIONS = NO;
				ENABLE_STRICT_OBJC_MSGSEND = YES;
				GCC_C_LANGUAGE_STANDARD = gnu99;
				GCC_NO_COMMON_BLOCKS = YES;
				GCC_WARN_64_TO_32_BIT_CONVERSION = YES;
				GCC_WARN_ABOUT_RETURN_TYPE = YES_ERROR;
				GCC_WARN_UNDECLARED_SELECTOR = YES;
				GCC_WARN_UNINITIALIZED_AUTOS = YES_AGGRESSIVE;
				GCC_WARN_UNUSED_FUNCTION = YES;
				GCC_WARN_UNUSED_VARIABLE = YES;
				IPHONEOS_DEPLOYMENT_TARGET = 10.1;
				MTL_ENABLE_DEBUG_INFO = NO;
				SDKROOT = iphoneos;
				SWIFT_OPTIMIZATION_LEVEL = "-Owholemodule";
				TARGETED_DEVICE_FAMILY = "1,2";
				VALIDATE_PRODUCT = YES;
			};
			name = Release;
		};
		A6D136141DF78B6800E63686 /* Debug */ = {
			isa = XCBuildConfiguration;
			buildSettings = {
				ASSETCATALOG_COMPILER_APPICON_NAME = AppIcon;
				DEVELOPMENT_TEAM = HKAVBPG58A;
				INFOPLIST_FILE = "CoreData-DoIt/Info.plist";
				LD_RUNPATH_SEARCH_PATHS = "$(inherited) @executable_path/Frameworks";
				PRODUCT_BUNDLE_IDENTIFIER = "com.ray.CoreData-DoIt";
				PRODUCT_NAME = "$(TARGET_NAME)";
				SWIFT_VERSION = 3.0;
			};
			name = Debug;
		};
		A6D136151DF78B6800E63686 /* Release */ = {
			isa = XCBuildConfiguration;
			buildSettings = {
				ASSETCATALOG_COMPILER_APPICON_NAME = AppIcon;
				DEVELOPMENT_TEAM = HKAVBPG58A;
				INFOPLIST_FILE = "CoreData-DoIt/Info.plist";
				LD_RUNPATH_SEARCH_PATHS = "$(inherited) @executable_path/Frameworks";
				PRODUCT_BUNDLE_IDENTIFIER = "com.ray.CoreData-DoIt";
				PRODUCT_NAME = "$(TARGET_NAME)";
				SWIFT_VERSION = 3.0;
			};
			name = Release;
		};
/* End XCBuildConfiguration section */

/* Begin XCConfigurationList section */
		A6D135F91DF78B6800E63686 /* Build configuration list for PBXProject "CoreData-DoIt" */ = {
			isa = XCConfigurationList;
			buildConfigurations = (
				A6D136111DF78B6800E63686 /* Debug */,
				A6D136121DF78B6800E63686 /* Release */,
			);
			defaultConfigurationIsVisible = 0;
			defaultConfigurationName = Release;
		};
		A6D136131DF78B6800E63686 /* Build configuration list for PBXNativeTarget "CoreData-DoIt" */ = {
			isa = XCConfigurationList;
			buildConfigurations = (
				A6D136141DF78B6800E63686 /* Debug */,
				A6D136151DF78B6800E63686 /* Release */,
			);
			defaultConfigurationIsVisible = 0;
		};
/* End XCConfigurationList section */

/* Begin XCVersionGroup section */
		A6D136081DF78B6800E63686 /* CoreData_DoIt.xcdatamodeld */ = {
			isa = XCVersionGroup;
			children = (
				A6D136091DF78B6800E63686 /* CoreData_DoIt.xcdatamodel */,
			);
			currentVersion = A6D136091DF78B6800E63686 /* CoreData_DoIt.xcdatamodel */;
			path = CoreData_DoIt.xcdatamodeld;
			sourceTree = "<group>";
			versionGroupType = wrapper.xcdatamodel;
		};
/* End XCVersionGroup section */
	};
	rootObject = A6D135F61DF78B6800E63686 /* Project object */;
}
